{
  "name": "portfolio",
  "version": "0.0.1",
  "lockfileVersion": 3,
  "requires": true,
  "packages": {
    "": {
      "name": "portfolio",
      "version": "0.0.1",
      "license": "MIT",
      "dependencies": {
        "@prismicio/client": "^7.8.1",
        "dotenv": "^16.4.5"
      },
      "devDependencies": {
        "@prismicio/richtext": "^2.1.5",
        "@stencil/core": "^4.22.2",
        "@stencil/store": "^2.0.16",
        "@types/node": "^22.5.4",
        "stencil-router-v2": "^0.6.0"
      }
    },
    "node_modules/@prismicio/client": {
      "version": "7.8.1",
      "resolved": "https://registry.npmjs.org/@prismicio/client/-/client-7.8.1.tgz",
      "integrity": "sha512-L1pwiBHy4X2KB4ayliTbTB6wbgRDkspyQ+R/czVqNON9R5cU1pAHxSxK8/GVbukKrEHNAaZHlAfOT3rzSJJGBw==",
      "license": "Apache-2.0",
      "dependencies": {
        "imgix-url-builder": "^0.0.5"
      },
      "engines": {
        "node": ">=14.15.0"
      }
    },
    "node_modules/@prismicio/richtext": {
      "version": "2.1.5",
      "resolved": "https://registry.npmjs.org/@prismicio/richtext/-/richtext-2.1.5.tgz",
      "integrity": "sha512-Sf6iCsciPmfK3uQeFmeY9RTRSuhrCVzyU39OkiJ1VJn8O0531pKapGoWS+5WGxouJtE5+jGqV8L+L2mKP7NkXQ==",
      "dev": true,
      "license": "Apache-2.0",
      "dependencies": {
        "@prismicio/types": "^0.2.7"
      },
      "engines": {
        "node": ">=12.7.0"
      }
    },
    "node_modules/@prismicio/types": {
      "version": "0.2.9",
      "resolved": "https://registry.npmjs.org/@prismicio/types/-/types-0.2.9.tgz",
      "integrity": "sha512-1uhHnZTiGeCi+rmO507B8jtnUTCNetdgrC5sfZEw9zsCplfgBELt0+BN1RFsXWLbZbyvR9xzHcrJ87Ykqa8JZA==",
      "dev": true,
      "license": "Apache-2.0",
      "engines": {
        "node": ">=12.7.0"
      }
    },
    "node_modules/@stencil/core": {
      "version": "4.22.2",
      "resolved": "https://registry.npmjs.org/@stencil/core/-/core-4.22.2.tgz",
      "integrity": "sha512-eq2pYrrnzcLyBRANk0X/VVOfCtD0nCxWnEZ0AVdscuqfDkOjxa6SSZOfEhR9FAvrmESHp8y5jRCVPnf4n5CC4A==",
      "dev": true,
      "bin": {
        "stencil": "bin/stencil"
      },
      "engines": {
        "node": ">=16.0.0",
        "npm": ">=7.10.0"
      }
    },
    "node_modules/@stencil/store": {
      "version": "2.0.16",
      "resolved": "https://registry.npmjs.org/@stencil/store/-/store-2.0.16.tgz",
      "integrity": "sha512-ET3EByKlmNyTA8O+tcp5YWePOiVnPIiuoiIaxTrf3zFFVo7JWVsVoak9IE0UTn3MkIM0ubR9lgxvi70uN588/A==",
      "dev": true,
      "engines": {
        "node": ">=12.0.0",
        "npm": ">=6.0.0"
      },
      "peerDependencies": {
        "@stencil/core": ">=2.0.0 || >=3.0.0 || >= 4.0.0-beta.0 || >= 4.0.0"
      }
    },
    "node_modules/@types/node": {
      "version": "22.5.4",
      "resolved": "https://registry.npmjs.org/@types/node/-/node-22.5.4.tgz",
      "integrity": "sha512-FDuKUJQm/ju9fT/SeX/6+gBzoPzlVCzfzmGkwKvRHQVxi4BntVbyIwf6a4Xn62mrvndLiml6z/UBXIdEVjQLXg==",
      "dev": true,
      "license": "MIT",
      "dependencies": {
        "undici-types": "~6.19.2"
      }
    },
    "node_modules/dotenv": {
      "version": "16.4.5",
      "resolved": "https://registry.npmjs.org/dotenv/-/dotenv-16.4.5.tgz",
      "integrity": "sha512-ZmdL2rui+eB2YwhsWzjInR8LldtZHGDoQ1ugH85ppHKwpUHL7j7rN0Ti9NCnGiQbhaZ11FpR+7ao1dNsmduNUg==",
      "license": "BSD-2-Clause",
      "engines": {
        "node": ">=12"
      },
      "funding": {
        "url": "https://dotenvx.com"
      }
    },
    "node_modules/imgix-url-builder": {
      "version": "0.0.5",
      "resolved": "https://registry.npmjs.org/imgix-url-builder/-/imgix-url-builder-0.0.5.tgz",
      "integrity": "sha512-dCx3UlXghtsjySoqVCcHQHRikqDummwQEfKlxBUK/wrMzd+1ox/XX+zhqVuXKMVuZvCc84pVLEJyntQB0OOi/w==",
      "license": "Apache-2.0",
      "engines": {
        "node": ">=12.7.0"
      }
    },
    "node_modules/stencil-router-v2": {
      "version": "0.6.0",
      "resolved": "https://registry.npmjs.org/stencil-router-v2/-/stencil-router-v2-0.6.0.tgz",
      "integrity": "sha512-E6ncNTIbFOleADelSQ7V/aSkZvdyTW8OKpPqxLi3AdUf8EwN0vZAMsIKHyPPS2hHLCh2/qNyVb/pbnzOszYBCw==",
      "dev": true,
      "dependencies": {
        "@stencil/store": "^1.1.0"
      },
      "peerDependencies": {
        "@stencil/core": ">=1.10.0"
      }
    },
    "node_modules/stencil-router-v2/node_modules/@stencil/store": {
      "version": "1.5.0",
      "resolved": "https://registry.npmjs.org/@stencil/store/-/store-1.5.0.tgz",
      "integrity": "sha512-fe5fCF6dgVlDM1iLRkkJUyUh0Tfx305asVGgMAJjIs7Q+x/b1pGgTLROm9Ibr53PZuFwr5Kg+4h9p4FLbYqHgA==",
      "dev": true,
      "peerDependencies": {
        "@stencil/core": ">=1.9.0"
      }
    },
    "node_modules/undici-types": {
      "version": "6.19.8",
      "resolved": "https://registry.npmjs.org/undici-types/-/undici-types-6.19.8.tgz",
      "integrity": "sha512-ve2KP6f/JnbPBFyobGHuerC9g1FYGn/F8n1LWTwNxCEzd6IfqTwUQcNXgEtmmQ6DlRrC1hrSrBnCZPokRrDHjw==",
      "dev": true,
      "license": "MIT"
    }
  }
}
